PODS:
  - AFNetworking (3.2.1):
    - AFNetworking/NSURLSession (= 3.2.1)
    - AFNetworking/Reachability (= 3.2.1)
    - AFNetworking/Security (= 3.2.1)
    - AFNetworking/Serialization (= 3.2.1)
    - AFNetworking/UIKit (= 3.2.1)
  - AFNetworking/NSURLSession (3.2.1):
    - AFNetworking/Reachability
    - AFNetworking/Security
    - AFNetworking/Serialization
  - AFNetworking/Reachability (3.2.1)
  - AFNetworking/Security (3.2.1)
  - AFNetworking/Serialization (3.2.1)
  - AFNetworking/UIKit (3.2.1):
    - AFNetworking/NSURLSession
  - CWLateralSlide (1.6.4)
  - IQKeyboardManager (6.3.0)
  - JCore (2.0.1)
  - JPush (3.2.0):
    - JCore (< 3.0.0, >= 2.0.0)
  - MJExtension (3.0.17)
  - MJRefresh (3.2.0)
  - SDWebImage (5.0.4):
    - SDWebImage/Core (= 5.0.4)
  - SDWebImage/Core (5.0.4)
  - SVProgressHUD (2.2.5)

DEPENDENCIES:
  - AFNetworking
  - CWLateralSlide
  - IQKeyboardManager
  - JPush
  - MJExtension
  - MJRefresh
  - SDWebImage
  - SVProgressHUD

SPEC REPOS:
  https://github.com/cocoapods/specs.git:
    - AFNetworking
    - CWLateralSlide
    - IQKeyboardManager
    - JCore
    - JPush
    - MJExtension
    - MJRefresh
    - SDWebImage
    - SVProgressHUD

SPEC CHECKSUMS:
  AFNetworking: b6f891fdfaed196b46c7a83cf209e09697b94057
  CWLateralSlide: b7933f4a03d652fbec6789bb45dc567011e892ca
  IQKeyboardManager: 2ca9d64893247556f53523dcd8d78641f0ba7c23
  JCore: 8425fb3f85f1400f9bc8ccf8121cd5694a790f3b
  JPush: 8459e7a709ad86f95884fcb49cbd57a6da24744e
  MJExtension: 74ec83124a68891619fb7ba9c5c811bbf1691076
  MJRefresh: ed450d6eb9d3346a2cb033ab7eb6de090aeef437
  SDWebImage: c739016e4bdf0a4a1f9a04b5e0385395ad63a282
  SVProgressHUD: 1428aafac632c1f86f62aa4243ec12008d7a51d6

PODFILE CHECKSUM: fcf1241d675933697f36d4150472599ef9dd1e15

COCOAPODS: 1.6.1
