// !$*UTF8*$!
{
	archiveVersion = 1;
	classes = {
	};
	objectVersion = 50;
	objects = {

/* Begin PBXBuildFile section */
		C797834C22B249CA00A8C252 /* AppDelegate.m in Sources */ = {isa = PBXBuildFile; fileRef = C797834B22B249CA00A8C252 /* AppDelegate.m */; };
		C797834F22B249CA00A8C252 /* ViewController.m in Sources */ = {isa = PBXBuildFile; fileRef = C797834E22B249CA00A8C252 /* ViewController.m */; };
		C797835222B249CA00A8C252 /* Main.storyboard in Resources */ = {isa = PBXBuildFile; fileRef = C797835022B249CA00A8C252 /* Main.storyboard */; };
		C797835422B249CE00A8C252 /* Assets.xcassets in Resources */ = {isa = PBXBuildFile; fileRef = C797835322B249CE00A8C252 /* Assets.xcassets */; };
		C797835722B249CE00A8C252 /* LaunchScreen.storyboard in Resources */ = {isa = PBXBuildFile; fileRef = C797835522B249CE00A8C252 /* LaunchScreen.storyboard */; };
		C797835A22B249CE00A8C252 /* main.m in Sources */ = {isa = PBXBuildFile; fileRef = C797835922B249CE00A8C252 /* main.m */; };
/* End PBXBuildFile section */

/* Begin PBXFileReference section */
		C797834722B249CA00A8C252 /* Batch record printing.app */ = {isa = PBXFileReference; explicitFileType = wrapper.application; includeInIndex = 0; path = "Batch record printing.app"; sourceTree = BUILT_PRODUCTS_DIR; };
		C797834A22B249CA00A8C252 /* AppDelegate.h */ = {isa = PBXFileReference; lastKnownFileType = sourcecode.c.h; path = AppDelegate.h; sourceTree = "<group>"; };
		C797834B22B249CA00A8C252 /* AppDelegate.m */ = {isa = PBXFileReference; lastKnownFileType = sourcecode.c.objc; path = AppDelegate.m; sourceTree = "<group>"; };
		C797834D22B249CA00A8C252 /* ViewController.h */ = {isa = PBXFileReference; lastKnownFileType = sourcecode.c.h; path = ViewController.h; sourceTree = "<group>"; };
		C797834E22B249CA00A8C252 /* ViewController.m */ = {isa = PBXFileReference; lastKnownFileType = sourcecode.c.objc; path = ViewController.m; sourceTree = "<group>"; };
		C797835122B249CA00A8C252 /* Base */ = {isa = PBXFileReference; lastKnownFileType = file.storyboard; name = Base; path = Base.lproj/Main.storyboard; sourceTree = "<group>"; };
		C797835322B249CE00A8C252 /* Assets.xcassets */ = {isa = PBXFileReference; lastKnownFileType = folder.assetcatalog; path = Assets.xcassets; sourceTree = "<group>"; };
		C797835622B249CE00A8C252 /* Base */ = {isa = PBXFileReference; lastKnownFileType = file.storyboard; name = Base; path = Base.lproj/LaunchScreen.storyboard; sourceTree = "<group>"; };
		C797835822B249CE00A8C252 /* Info.plist */ = {isa = PBXFileReference; lastKnownFileType = text.plist.xml; path = Info.plist; sourceTree = "<group>"; };
		C797835922B249CE00A8C252 /* main.m */ = {isa = PBXFileReference; lastKnownFileType = sourcecode.c.objc; path = main.m; sourceTree = "<group>"; };
/* End PBXFileReference section */

/* Begin PBXFrameworksBuildPhase section */
		C797834422B249CA00A8C252 /* Frameworks */ = {
			isa = PBXFrameworksBuildPhase;
			buildActionMask = 2147483647;
			files = (
			);
			runOnlyForDeploymentPostprocessing = 0;
		};
/* End PBXFrameworksBuildPhase section */

/* Begin PBXGroup section */
		C797833E22B249CA00A8C252 = {
			isa = PBXGroup;
			children = (
				C797834922B249CA00A8C252 /* Batch record printing */,
				C797834822B249CA00A8C252 /* Products */,
			);
			sourceTree = "<group>";
		};
		C797834822B249CA00A8C252 /* Products */ = {
			isa = PBXGroup;
			children = (
				C797834722B249CA00A8C252 /* Batch record printing.app */,
			);
			name = Products;
			sourceTree = "<group>";
		};
		C797834922B249CA00A8C252 /* Batch record printing */ = {
			isa = PBXGroup;
			children = (
				C797834A22B249CA00A8C252 /* AppDelegate.h */,
				C797834B22B249CA00A8C252 /* AppDelegate.m */,
				C797834D22B249CA00A8C252 /* ViewController.h */,
				C797834E22B249CA00A8C252 /* ViewController.m */,
				C797835022B249CA00A8C252 /* Main.storyboard */,
				C797835322B249CE00A8C252 /* Assets.xcassets */,
				C797835522B249CE00A8C252 /* LaunchScreen.storyboard */,
				C797835822B249CE00A8C252 /* Info.plist */,
				C797835922B249CE00A8C252 /* main.m */,
			);
			path = "Batch record printing";
			sourceTree = "<group>";
		};
/* End PBXGroup section */

/* Begin PBXNativeTarget section */
		C797834622B249CA00A8C252 /* Batch record printing */ = {
			isa = PBXNativeTarget;
			buildConfigurationList = C797835D22B249CE00A8C252 /* Build configuration list for PBXNativeTarget "Batch record printing" */;
			buildPhases = (
				C797834322B249CA00A8C252 /* Sources */,
				C797834422B249CA00A8C252 /* Frameworks */,
				C797834522B249CA00A8C252 /* Resources */,
			);
			buildRules = (
			);
			dependencies = (
			);
			name = "Batch record printing";
			productName = "Batch record printing";
			productReference = C797834722B249CA00A8C252 /* Batch record printing.app */;
			productType = "com.apple.product-type.application";
		};
/* End PBXNativeTarget section */

/* Begin PBXProject section */
		C797833F22B249CA00A8C252 /* Project object */ = {
			isa = PBXProject;
			attributes = {
				LastUpgradeCheck = 1020;
				ORGANIZATIONNAME = "杨健";
				TargetAttributes = {
					C797834622B249CA00A8C252 = {
						CreatedOnToolsVersion = 10.2.1;
					};
				};
			};
			buildConfigurationList = C797834222B249CA00A8C252 /* Build configuration list for PBXProject "Batch record printing" */;
			compatibilityVersion = "Xcode 9.3";
			developmentRegion = en;
			hasScannedForEncodings = 0;
			knownRegions = (
				en,
				Base,
			);
			mainGroup = C797833E22B249CA00A8C252;
			productRefGroup = C797834822B249CA00A8C252 /* Products */;
			projectDirPath = "";
			projectRoot = "";
			targets = (
				C797834622B249CA00A8C252 /* Batch record printing */,
			);
		};
/* End PBXProject section */

/* Begin PBXResourcesBuildPhase section */
		C797834522B249CA00A8C252 /* Resources */ = {
			isa = PBXResourcesBuildPhase;
			buildActionMask = 2147483647;
			files = (
				C797835722B249CE00A8C252 /* LaunchScreen.storyboard in Resources */,
				C797835422B249CE00A8C252 /* Assets.xcassets in Resources */,
				C797835222B249CA00A8C252 /* Main.storyboard in Resources */,
			);
			runOnlyForDeploymentPostprocessing = 0;
		};
/* End PBXResourcesBuildPhase section */

/* Begin PBXSourcesBuildPhase section */
		C797834322B249CA00A8C252 /* Sources */ = {
			isa = PBXSourcesBuildPhase;
			buildActionMask = 2147483647;
			files = (
				C797834F22B249CA00A8C252 /* ViewController.m in Sources */,
				C797835A22B249CE00A8C252 /* main.m in Sources */,
				C797834C22B249CA00A8C252 /* AppDelegate.m in Sources */,
			);
			runOnlyForDeploymentPostprocessing = 0;
		};
/* End PBXSourcesBuildPhase section */

/* Begin PBXVariantGroup section */
		C797835022B249CA00A8C252 /* Main.storyboard */ = {
			isa = PBXVariantGroup;
			children = (
				C797835122B249CA00A8C252 /* Base */,
			);
			name = Main.storyboard;
			sourceTree = "<group>";
		};
		C797835522B249CE00A8C252 /* LaunchScreen.storyboard */ = {
			isa = PBXVariantGroup;
			children = (
				C797835622B249CE00A8C252 /* Base */,
			);
			name = LaunchScreen.storyboard;
			sourceTree = "<group>";
		};
/* End PBXVariantGroup section */

/* Begin XCBuildConfiguration section */
		C797835B22B249CE00A8C252 /* Debug */ = {
			isa = XCBuildConfiguration;
			buildSettings = {
				ALWAYS_SEARCH_USER_PATHS = NO;
				CLANG_ANALYZER_NONNULL = YES;
				CLANG_ANALYZER_NUMBER_OBJECT_CONVERSION = YES_AGGRESSIVE;
				CLANG_CXX_LANGUAGE_STANDARD = "gnu++14";
				CLANG_CXX_LIBRARY = "libc++";
				CLANG_ENABLE_MODULES = YES;
				CLANG_ENABLE_OBJC_ARC = YES;
				CLANG_ENABLE_OBJC_WEAK = YES;
				CLANG_WARN_BLOCK_CAPTURE_AUTORELEASING = YES;
				CLANG_WARN_BOOL_CONVERSION = YES;
				CLANG_WARN_COMMA = YES;
				CLANG_WARN_CONSTANT_CONVERSION = YES;
				CLANG_WARN_DEPRECATED_OBJC_IMPLEMENTATIONS = YES;
				CLANG_WARN_DIRECT_OBJC_ISA_USAGE = YES_ERROR;
				CLANG_WARN_DOCUMENTATION_COMMENTS = YES;
				CLANG_WARN_EMPTY_BODY = YES;
				CLANG_WARN_ENUM_CONVERSION = YES;
				CLANG_WARN_INFINITE_RECURSION = YES;
				CLANG_WARN_INT_CONVERSION = YES;
				CLANG_WARN_NON_LITERAL_NULL_CONVERSION = YES;
				CLANG_WARN_OBJC_IMPLICIT_RETAIN_SELF = YES;
				CLANG_WARN_OBJC_LITERAL_CONVERSION = YES;
				CLANG_WARN_OBJC_ROOT_CLASS = YES_ERROR;
				CLANG_WARN_RANGE_LOOP_ANALYSIS = YES;
				CLANG_WARN_STRICT_PROTOTYPES = YES;
				CLANG_WARN_SUSPICIOUS_MOVE = YES;
				CLANG_WARN_UNGUARDED_AVAILABILITY = YES_AGGRESSIVE;
				CLANG_WARN_UNREACHABLE_CODE = YES;
				CLANG_WARN__DUPLICATE_METHOD_MATCH = YES;
				CODE_SIGN_IDENTITY = "iPhone Developer";
				COPY_PHASE_STRIP = NO;
				DEBUG_INFORMATION_FORMAT = dwarf;
				ENABLE_STRICT_OBJC_MSGSEND = YES;
				ENABLE_TESTABILITY = YES;
				GCC_C_LANGUAGE_STANDARD = gnu11;
				GCC_DYNAMIC_NO_PIC = NO;
				GCC_NO_COMMON_BLOCKS = YES;
				GCC_OPTIMIZATION_LEVEL = 0;
				GCC_PREPROCESSOR_DEFINITIONS = (
					"DEBUG=1",
					"$(inherited)",
				);
				GCC_WARN_64_TO_32_BIT_CONVERSION = YES;
				GCC_WARN_ABOUT_RETURN_TYPE = YES_ERROR;
				GCC_WARN_UNDECLARED_SELECTOR = YES;
				GCC_WARN_UNINITIALIZED_AUTOS = YES_AGGRESSIVE;
				GCC_WARN_UNUSED_FUNCTION = YES;
				GCC_WARN_UNUSED_VARIABLE = YES;
				IPHONEOS_DEPLOYMENT_TARGET = 12.2;
				MTL_ENABLE_DEBUG_INFO = INCLUDE_SOURCE;
				MTL_FAST_MATH = YES;
				ONLY_ACTIVE_ARCH = YES;
				SDKROOT = iphoneos;
			};
			name = Debug;
		};
		C797835C22B249CE00A8C252 /* Release */ = {
			isa = XCBuildConfiguration;
			buildSettings = {
				ALWAYS_SEARCH_USER_PATHS = NO;
				CLANG_ANALYZER_NONNULL = YES;
				CLANG_ANALYZER_NUMBER_OBJECT_CONVERSION = YES_AGGRESSIVE;
				CLANG_CXX_LANGUAGE_STANDARD = "gnu++14";
				CLANG_CXX_LIBRARY = "libc++";
				CLANG_ENABLE_MODULES = YES;
				CLANG_ENABLE_OBJC_ARC = YES;
				CLANG_ENABLE_OBJC_WEAK = YES;
				CLANG_WARN_BLOCK_CAPTURE_AUTORELEASING = YES;
				CLANG_WARN_BOOL_CONVERSION = YES;
				CLANG_WARN_COMMA = YES;
				CLANG_WARN_CONSTANT_CONVERSION = YES;
				CLANG_WARN_DEPRECATED_OBJC_IMPLEMENTATIONS = YES;
				CLANG_WARN_DIRECT_OBJC_ISA_USAGE = YES_ERROR;
				CLANG_WARN_DOCUMENTATION_COMMENTS = YES;
				CLANG_WARN_EMPTY_BODY = YES;
				CLANG_WARN_ENUM_CONVERSION = YES;
				CLANG_WARN_INFINITE_RECURSION = YES;
				CLANG_WARN_INT_CONVERSION = YES;
				CLANG_WARN_NON_LITERAL_NULL_CONVERSION = YES;
				CLANG_WARN_OBJC_IMPLICIT_RETAIN_SELF = YES;
				CLANG_WARN_OBJC_LITERAL_CONVERSION = YES;
				CLANG_WARN_OBJC_ROOT_CLASS = YES_ERROR;
				CLANG_WARN_RANGE_LOOP_ANALYSIS = YES;
				CLANG_WARN_STRICT_PROTOTYPES = YES;
				CLANG_WARN_SUSPICIOUS_MOVE = YES;
				CLANG_WARN_UNGUARDED_AVAILABILITY = YES_AGGRESSIVE;
				CLANG_WARN_UNREACHABLE_CODE = YES;
				CLANG_WARN__DUPLICATE_METHOD_MATCH = YES;
				CODE_SIGN_IDENTITY = "iPhone Developer";
				COPY_PHASE_STRIP = NO;
				DEBUG_INFORMATION_FORMAT = "dwarf-with-dsym";
				ENABLE_NS_ASSERTIONS = NO;
				ENABLE_STRICT_OBJC_MSGSEND = YES;
				GCC_C_LANGUAGE_STANDARD = gnu11;
				GCC_NO_COMMON_BLOCKS = YES;
				GCC_WARN_64_TO_32_BIT_CONVERSION = YES;
				GCC_WARN_ABOUT_RETURN_TYPE = YES_ERROR;
				GCC_WARN_UNDECLARED_SELECTOR = YES;
				GCC_WARN_UNINITIALIZED_AUTOS = YES_AGGRESSIVE;
				GCC_WARN_UNUSED_FUNCTION = YES;
				GCC_WARN_UNUSED_VARIABLE = YES;
				IPHONEOS_DEPLOYMENT_TARGET = 12.2;
				MTL_ENABLE_DEBUG_INFO = NO;
				MTL_FAST_MATH = YES;
				SDKROOT = iphoneos;
				VALIDATE_PRODUCT = YES;
			};
			name = Release;
		};
		C797835E22B249CE00A8C252 /* Debug */ = {
			isa = XCBuildConfiguration;
			buildSettings = {
				ASSETCATALOG_COMPILER_APPICON_NAME = AppIcon;
				CODE_SIGN_STYLE = Automatic;
				INFOPLIST_FILE = "Batch record printing/Info.plist";
				LD_RUNPATH_SEARCH_PATHS = (
					"$(inherited)",
					"@executable_path/Frameworks",
				);
				PRODUCT_BUNDLE_IDENTIFIER = "fff.Batch-record-printing";
				PRODUCT_NAME = "$(TARGET_NAME)";
				TARGETED_DEVICE_FAMILY = "1,2";
			};
			name = Debug;
		};
		C797835F22B249CE00A8C252 /* Release */ = {
			isa = XCBuildConfiguration;
			buildSettings = {
				ASSETCATALOG_COMPILER_APPICON_NAME = AppIcon;
				CODE_SIGN_STYLE = Automatic;
				INFOPLIST_FILE = "Batch record printing/Info.plist";
				LD_RUNPATH_SEARCH_PATHS = (
					"$(inherited)",
					"@executable_path/Frameworks",
				);
				PRODUCT_BUNDLE_IDENTIFIER = "fff.Batch-record-printing";
				PRODUCT_NAME = "$(TARGET_NAME)";
				TARGETED_DEVICE_FAMILY = "1,2";
			};
			name = Release;
		};
/* End XCBuildConfiguration section */

/* Begin XCConfigurationList section */
		C797834222B249CA00A8C252 /* Build configuration list for PBXProject "Batch record printing" */ = {
			isa = XCConfigurationList;
			buildConfigurations = (
				C797835B22B249CE00A8C252 /* Debug */,
				C797835C22B249CE00A8C252 /* Release */,
			);
			defaultConfigurationIsVisible = 0;
			defaultConfigurationName = Release;
		};
		C797835D22B249CE00A8C252 /* Build configuration list for PBXNativeTarget "Batch record printing" */ = {
			isa = XCConfigurationList;
			buildConfigurations = (
				C797835E22B249CE00A8C252 /* Debug */,
				C797835F22B249CE00A8C252 /* Release */,
			);
			defaultConfigurationIsVisible = 0;
			defaultConfigurationName = Release;
		};
/* End XCConfigurationList section */
	};
	rootObject = C797833F22B249CA00A8C252 /* Project object */;
}
